
Microsoft Visual Studio Solution File, Format Version 12.00
# Visual Studio 15
VisualStudioVersion = 15.0.27130.2027
MinimumVisualStudioVersion = 10.0.40219.1
Project("{FAE04EC0-301F-11D3-BF4B-00C04F79EFBC}") = "AgeCalculator", "AgeCalculator.csproj", "{CF92E381-2C8A-4529-8F3E-A21174241348}"
EndProject
Global
	GlobalSection(SolutionConfigurationPlatforms) = preSolution
		Debug|Any CPU = Debug|Any CPU
		Release|Any CPU = Release|Any CPU
	EndGlobalSection
	GlobalSection(ProjectConfigurationPlatforms) = postSolution
		{CF92E381-2C8A-4529-8F3E-A21174241348}.Debug|Any CPU.ActiveCfg = Debug|Any CPU
		{CF92E381-2C8A-4529-8F3E-A21174241348}.Debug|Any CPU.Build.0 = Debug|Any CPU
		{CF92E381-2C8A-4529-8F3E-A21174241348}.Release|Any CPU.ActiveCfg = Release|Any CPU
		{CF92E381-2C8A-4529-8F3E-A21174241348}.Release|Any CPU.Build.0 = Release|Any CPU
	EndGlobalSection
	GlobalSection(SolutionProperties) = preSolution
		HideSolutionNode = FALSE
	EndGlobalSection
	GlobalSection(ExtensibilityGlobals) = postSolution
		SolutionGuid = {D924AD48-B7FF-4E9E-8318-5BF5A3360106}
	EndGlobalSection
EndGlobal
